
Microsoft Visual Studio Solution File, Format Version 12.00
# Visual Studio 15
VisualStudioVersion = 15.0.27703.2035
MinimumVisualStudioVersion = 10.0.40219.1
Project("{8BC9CEB8-8B4A-11D0-8D11-00A0C91BC942}") = "ACAPOpt", "ACAPOpt\ACAPOpt.vcxproj", "{E46D8B8E-D144-4037-94BA-EF1261096A52}"
EndProject
Global
	GlobalSection(SolutionConfigurationPlatforms) = preSolution
		Debug|x64 = Debug|x64
		Debug|x86 = Debug|x86
		Release|x64 = Release|x64
		Release|x86 = Release|x86
	EndGlobalSection
	GlobalSection(ProjectConfigurationPlatforms) = postSolution
		{E46D8B8E-D144-4037-94BA-EF1261096A52}.Debug|x64.ActiveCfg = Debug|x64
		{E46D8B8E-D144-4037-94BA-EF1261096A52}.Debug|x64.Build.0 = Debug|x64
		{E46D8B8E-D144-4037-94BA-EF1261096A52}.Debug|x86.ActiveCfg = Debug|Win32
		{E46D8B8E-D144-4037-94BA-EF1261096A52}.Debug|x86.Build.0 = Debug|Win32
		{E46D8B8E-D144-4037-94BA-EF1261096A52}.Release|x64.ActiveCfg = Release|x64
		{E46D8B8E-D144-4037-94BA-EF1261096A52}.Release|x64.Build.0 = Release|x64
		{E46D8B8E-D144-4037-94BA-EF1261096A52}.Release|x86.ActiveCfg = Release|Win32
		{E46D8B8E-D144-4037-94BA-EF1261096A52}.Release|x86.Build.0 = Release|Win32
	EndGlobalSection
	GlobalSection(SolutionProperties) = preSolution
		HideSolutionNode = FALSE
	EndGlobalSection
	GlobalSection(ExtensibilityGlobals) = postSolution
		SolutionGuid = {38C4CE83-E5FA-4CFB-A69D-5CBBBDD2A944}
	EndGlobalSection
EndGlobal
